// !$*UTF8*$!
{
	archiveVersion = 1;
	classes = {
	};
	objectVersion = 45;
	objects = {

/* Begin PBXBuildFile section */
		1D3623260D0F684500981E51 /* LarvaJoltAppDelegate.m in Sources */ = {isa = PBXBuildFile; fileRef = 1D3623250D0F684500981E51 /* LarvaJoltAppDelegate.m */; };
		1D60589B0D05DD56006BFB54 /* main.m in Sources */ = {isa = PBXBuildFile; fileRef = 29B97316FDCFA39411CA2CEA /* main.m */; };
		1D60589F0D05DD5A006BFB54 /* Foundation.framework in Frameworks */ = {isa = PBXBuildFile; fileRef = 1D30AB110D05D00D00671497 /* Foundation.framework */; };
		1DF5F4E00D08C38300B7A737 /* UIKit.framework in Frameworks */ = {isa = PBXBuildFile; fileRef = 1DF5F4DF0D08C38300B7A737 /* UIKit.framework */; };
		288765A50DF7441C002DB57D /* CoreGraphics.framework in Frameworks */ = {isa = PBXBuildFile; fileRef = 288765A40DF7441C002DB57D /* CoreGraphics.framework */; };
		2899E5220DE3E06400AC0155 /* LarvaJoltViewController.xib in Resources */ = {isa = PBXBuildFile; fileRef = 2899E5210DE3E06400AC0155 /* LarvaJoltViewController.xib */; };
		28AD733F0D9D9553002E5188 /* MainWindow.xib in Resources */ = {isa = PBXBuildFile; fileRef = 28AD733E0D9D9553002E5188 /* MainWindow.xib */; };
		28D7ACF80DDB3853001CB0EB /* LarvaJoltViewController.m in Sources */ = {isa = PBXBuildFile; fileRef = 28D7ACF70DDB3853001CB0EB /* LarvaJoltViewController.m */; };
		E9534B3F12F5147500D0ACAC /* AudioToolbox.framework in Frameworks */ = {isa = PBXBuildFile; fileRef = E9534B3E12F5147500D0ACAC /* AudioToolbox.framework */; };
		E99DD68B12F502A60063A9B8 /* LarvaJoltAudio.m in Sources */ = {isa = PBXBuildFile; fileRef = E99DD68A12F502A60063A9B8 /* LarvaJoltAudio.m */; };
		E9C7323D12F1D395008DC733 /* InfoViewController.m in Sources */ = {isa = PBXBuildFile; fileRef = E9C7323B12F1D395008DC733 /* InfoViewController.m */; };
		E9C7323E12F1D395008DC733 /* InfoViewController.xib in Resources */ = {isa = PBXBuildFile; fileRef = E9C7323C12F1D395008DC733 /* InfoViewController.xib */; };
		E9C8B3E81363832D00F0ED8E /* larva-jolt-icon-ipad.png in Resources */ = {isa = PBXBuildFile; fileRef = E9C8B3E51363832D00F0ED8E /* larva-jolt-icon-ipad.png */; };
		E9C8B3E91363832D00F0ED8E /* larva-jolt-icon.png in Resources */ = {isa = PBXBuildFile; fileRef = E9C8B3E61363832D00F0ED8E /* larva-jolt-icon.png */; };
		E9C8B3EA1363832D00F0ED8E /* larva-jolt-icon@2x.png in Resources */ = {isa = PBXBuildFile; fileRef = E9C8B3E71363832D00F0ED8E /* larva-jolt-icon@2x.png */; };
/* End PBXBuildFile section */

/* Begin PBXFileReference section */
		1D30AB110D05D00D00671497 /* Foundation.framework */ = {isa = PBXFileReference; lastKnownFileType = wrapper.framework; name = Foundation.framework; path = System/Library/Frameworks/Foundation.framework; sourceTree = SDKROOT; };
		1D3623240D0F684500981E51 /* LarvaJoltAppDelegate.h */ = {isa = PBXFileReference; fileEncoding = 4; lastKnownFileType = sourcecode.c.h; path = LarvaJoltAppDelegate.h; sourceTree = "<group>"; };
		1D3623250D0F684500981E51 /* LarvaJoltAppDelegate.m */ = {isa = PBXFileReference; fileEncoding = 4; lastKnownFileType = sourcecode.c.objc; path = LarvaJoltAppDelegate.m; sourceTree = "<group>"; };
		1D6058910D05DD3D006BFB54 /* LarvaJolt 1.2.app */ = {isa = PBXFileReference; explicitFileType = wrapper.application; includeInIndex = 0; name = "LarvaJolt 1.2.app"; path = "/Users/zaking/Developer/LarvaJolt/build/Release-iphoneos/LarvaJolt 1.2.app"; sourceTree = "<absolute>"; };
		1DF5F4DF0D08C38300B7A737 /* UIKit.framework */ = {isa = PBXFileReference; lastKnownFileType = wrapper.framework; name = UIKit.framework; path = System/Library/Frameworks/UIKit.framework; sourceTree = SDKROOT; };
		288765A40DF7441C002DB57D /* CoreGraphics.framework */ = {isa = PBXFileReference; lastKnownFileType = wrapper.framework; name = CoreGraphics.framework; path = System/Library/Frameworks/CoreGraphics.framework; sourceTree = SDKROOT; };
		2899E5210DE3E06400AC0155 /* LarvaJoltViewController.xib */ = {isa = PBXFileReference; lastKnownFileType = file.xib; path = LarvaJoltViewController.xib; sourceTree = "<group>"; };
		28AD733E0D9D9553002E5188 /* MainWindow.xib */ = {isa = PBXFileReference; lastKnownFileType = file.xib; path = MainWindow.xib; sourceTree = "<group>"; };
		28D7ACF60DDB3853001CB0EB /* LarvaJoltViewController.h */ = {isa = PBXFileReference; fileEncoding = 4; lastKnownFileType = sourcecode.c.h; path = LarvaJoltViewController.h; sourceTree = "<group>"; };
		28D7ACF70DDB3853001CB0EB /* LarvaJoltViewController.m */ = {isa = PBXFileReference; fileEncoding = 4; lastKnownFileType = sourcecode.c.objc; path = LarvaJoltViewController.m; sourceTree = "<group>"; };
		29B97316FDCFA39411CA2CEA /* main.m */ = {isa = PBXFileReference; fileEncoding = 4; lastKnownFileType = sourcecode.c.objc; path = main.m; sourceTree = "<group>"; };
		32CA4F630368D1EE00C91783 /* LarvaJolt 1.3_Prefix.pch */ = {isa = PBXFileReference; fileEncoding = 4; path = "LarvaJolt 1.3_Prefix.pch"; sourceTree = "<group>"; };
		8D1107310486CEB800E47090 /* LarvaJolt 1.3-Info.plist */ = {isa = PBXFileReference; fileEncoding = 4; path = "LarvaJolt 1.3-Info.plist"; plistStructureDefinitionIdentifier = "com.apple.xcode.plist.structure-definition.iphone.info-plist"; sourceTree = "<group>"; };
		E9534B3E12F5147500D0ACAC /* AudioToolbox.framework */ = {isa = PBXFileReference; lastKnownFileType = wrapper.framework; name = AudioToolbox.framework; path = System/Library/Frameworks/AudioToolbox.framework; sourceTree = SDKROOT; };
		E99DD68912F502A60063A9B8 /* LarvaJoltAudio.h */ = {isa = PBXFileReference; fileEncoding = 4; lastKnownFileType = sourcecode.c.h; path = LarvaJoltAudio.h; sourceTree = "<group>"; };
		E99DD68A12F502A60063A9B8 /* LarvaJoltAudio.m */ = {isa = PBXFileReference; fileEncoding = 4; lastKnownFileType = sourcecode.c.objc; path = LarvaJoltAudio.m; sourceTree = "<group>"; };
		E9C7323A12F1D395008DC733 /* InfoViewController.h */ = {isa = PBXFileReference; fileEncoding = 4; lastKnownFileType = sourcecode.c.h; path = InfoViewController.h; sourceTree = "<group>"; };
		E9C7323B12F1D395008DC733 /* InfoViewController.m */ = {isa = PBXFileReference; fileEncoding = 4; lastKnownFileType = sourcecode.c.objc; path = InfoViewController.m; sourceTree = "<group>"; };
		E9C7323C12F1D395008DC733 /* InfoViewController.xib */ = {isa = PBXFileReference; lastKnownFileType = file.xib; name = InfoViewController.xib; path = Classes/InfoViewController.xib; sourceTree = "<group>"; };
		E9C8B3E51363832D00F0ED8E /* larva-jolt-icon-ipad.png */ = {isa = PBXFileReference; lastKnownFileType = image.png; path = "larva-jolt-icon-ipad.png"; sourceTree = "<group>"; };
		E9C8B3E61363832D00F0ED8E /* larva-jolt-icon.png */ = {isa = PBXFileReference; lastKnownFileType = image.png; path = "larva-jolt-icon.png"; sourceTree = "<group>"; };
		E9C8B3E71363832D00F0ED8E /* larva-jolt-icon@2x.png */ = {isa = PBXFileReference; lastKnownFileType = image.png; path = "larva-jolt-icon@2x.png"; sourceTree = "<group>"; };
/* End PBXFileReference section */

/* Begin PBXFrameworksBuildPhase section */
		1D60588F0D05DD3D006BFB54 /* Frameworks */ = {
			isa = PBXFrameworksBuildPhase;
			buildActionMask = 2147483647;
			files = (
				1D60589F0D05DD5A006BFB54 /* Foundation.framework in Frameworks */,
				1DF5F4E00D08C38300B7A737 /* UIKit.framework in Frameworks */,
				288765A50DF7441C002DB57D /* CoreGraphics.framework in Frameworks */,
				E9534B3F12F5147500D0ACAC /* AudioToolbox.framework in Frameworks */,
			);
			runOnlyForDeploymentPostprocessing = 0;
		};
/* End PBXFrameworksBuildPhase section */

/* Begin PBXGroup section */
		080E96DDFE201D6D7F000001 /* Classes */ = {
			isa = PBXGroup;
			children = (
				1D3623240D0F684500981E51 /* LarvaJoltAppDelegate.h */,
				1D3623250D0F684500981E51 /* LarvaJoltAppDelegate.m */,
				28D7ACF60DDB3853001CB0EB /* LarvaJoltViewController.h */,
				28D7ACF70DDB3853001CB0EB /* LarvaJoltViewController.m */,
				E99DD68912F502A60063A9B8 /* LarvaJoltAudio.h */,
				E99DD68A12F502A60063A9B8 /* LarvaJoltAudio.m */,
				E9C7323A12F1D395008DC733 /* InfoViewController.h */,
				E9C7323B12F1D395008DC733 /* InfoViewController.m */,
			);
			path = Classes;
			sourceTree = "<group>";
		};
		19C28FACFE9D520D11CA2CBB /* Products */ = {
			isa = PBXGroup;
			children = (
			);
			name = Products;
			sourceTree = "<group>";
		};
		29B97314FDCFA39411CA2CEA /* CustomTemplate */ = {
			isa = PBXGroup;
			children = (
				080E96DDFE201D6D7F000001 /* Classes */,
				29B97315FDCFA39411CA2CEA /* Other Sources */,
				29B97317FDCFA39411CA2CEA /* Resources */,
				29B97323FDCFA39411CA2CEA /* Frameworks */,
				19C28FACFE9D520D11CA2CBB /* Products */,
			);
			name = CustomTemplate;
			sourceTree = "<group>";
		};
		29B97315FDCFA39411CA2CEA /* Other Sources */ = {
			isa = PBXGroup;
			children = (
				32CA4F630368D1EE00C91783 /* LarvaJolt 1.3_Prefix.pch */,
				29B97316FDCFA39411CA2CEA /* main.m */,
			);
			name = "Other Sources";
			sourceTree = "<group>";
		};
		29B97317FDCFA39411CA2CEA /* Resources */ = {
			isa = PBXGroup;
			children = (
				E9EB728B134B885200267769 /* Images */,
				E9EB728C134B887900267769 /* XIBs */,
				E9EB728D134B888900267769 /* plists */,
			);
			name = Resources;
			sourceTree = "<group>";
		};
		29B97323FDCFA39411CA2CEA /* Frameworks */ = {
			isa = PBXGroup;
			children = (
				E9534B3E12F5147500D0ACAC /* AudioToolbox.framework */,
				1DF5F4DF0D08C38300B7A737 /* UIKit.framework */,
				1D30AB110D05D00D00671497 /* Foundation.framework */,
				288765A40DF7441C002DB57D /* CoreGraphics.framework */,
			);
			name = Frameworks;
			sourceTree = "<group>";
		};
		E9EB728B134B885200267769 /* Images */ = {
			isa = PBXGroup;
			children = (
				E9C8B3E51363832D00F0ED8E /* larva-jolt-icon-ipad.png */,
				E9C8B3E61363832D00F0ED8E /* larva-jolt-icon.png */,
				E9C8B3E71363832D00F0ED8E /* larva-jolt-icon@2x.png */,
			);
			name = Images;
			sourceTree = "<group>";
		};
		E9EB728C134B887900267769 /* XIBs */ = {
			isa = PBXGroup;
			children = (
				E9C7323C12F1D395008DC733 /* InfoViewController.xib */,
				2899E5210DE3E06400AC0155 /* LarvaJoltViewController.xib */,
				28AD733E0D9D9553002E5188 /* MainWindow.xib */,
			);
			name = XIBs;
			sourceTree = "<group>";
		};
		E9EB728D134B888900267769 /* plists */ = {
			isa = PBXGroup;
			children = (
				8D1107310486CEB800E47090 /* LarvaJolt 1.3-Info.plist */,
			);
			name = plists;
			sourceTree = "<group>";
		};
/* End PBXGroup section */

/* Begin PBXNativeTarget section */
		1D6058900D05DD3D006BFB54 /* LarvaJolt 1.3 */ = {
			isa = PBXNativeTarget;
			buildConfigurationList = 1D6058960D05DD3E006BFB54 /* Build configuration list for PBXNativeTarget "LarvaJolt 1.3" */;
			buildPhases = (
				1D60588D0D05DD3D006BFB54 /* Resources */,
				1D60588E0D05DD3D006BFB54 /* Sources */,
				1D60588F0D05DD3D006BFB54 /* Frameworks */,
			);
			buildRules = (
			);
			dependencies = (
			);
			name = "LarvaJolt 1.3";
			productName = LarvaJolt;
			productReference = 1D6058910D05DD3D006BFB54 /* LarvaJolt 1.2.app */;
			productType = "com.apple.product-type.application";
		};
/* End PBXNativeTarget section */

/* Begin PBXProject section */
		29B97313FDCFA39411CA2CEA /* Project object */ = {
			isa = PBXProject;
			buildConfigurationList = C01FCF4E08A954540054247B /* Build configuration list for PBXProject "LarvaJolt 1.3" */;
			compatibilityVersion = "Xcode 3.1";
			developmentRegion = English;
			hasScannedForEncodings = 1;
			knownRegions = (
				English,
				Japanese,
				French,
				German,
			);
			mainGroup = 29B97314FDCFA39411CA2CEA /* CustomTemplate */;
			projectDirPath = "";
			projectRoot = "";
			targets = (
				1D6058900D05DD3D006BFB54 /* LarvaJolt 1.3 */,
			);
		};
/* End PBXProject section */

/* Begin PBXResourcesBuildPhase section */
		1D60588D0D05DD3D006BFB54 /* Resources */ = {
			isa = PBXResourcesBuildPhase;
			buildActionMask = 2147483647;
			files = (
				28AD733F0D9D9553002E5188 /* MainWindow.xib in Resources */,
				2899E5220DE3E06400AC0155 /* LarvaJoltViewController.xib in Resources */,
				E9C7323E12F1D395008DC733 /* InfoViewController.xib in Resources */,
				E9C8B3E81363832D00F0ED8E /* larva-jolt-icon-ipad.png in Resources */,
				E9C8B3E91363832D00F0ED8E /* larva-jolt-icon.png in Resources */,
				E9C8B3EA1363832D00F0ED8E /* larva-jolt-icon@2x.png in Resources */,
			);
			runOnlyForDeploymentPostprocessing = 0;
		};
/* End PBXResourcesBuildPhase section */

/* Begin PBXSourcesBuildPhase section */
		1D60588E0D05DD3D006BFB54 /* Sources */ = {
			isa = PBXSourcesBuildPhase;
			buildActionMask = 2147483647;
			files = (
				1D60589B0D05DD56006BFB54 /* main.m in Sources */,
				1D3623260D0F684500981E51 /* LarvaJoltAppDelegate.m in Sources */,
				28D7ACF80DDB3853001CB0EB /* LarvaJoltViewController.m in Sources */,
				E9C7323D12F1D395008DC733 /* InfoViewController.m in Sources */,
				E99DD68B12F502A60063A9B8 /* LarvaJoltAudio.m in Sources */,
			);
			runOnlyForDeploymentPostprocessing = 0;
		};
/* End PBXSourcesBuildPhase section */

/* Begin XCBuildConfiguration section */
		1D6058940D05DD3E006BFB54 /* Debug */ = {
			isa = XCBuildConfiguration;
			buildSettings = {
				ALWAYS_SEARCH_USER_PATHS = NO;
				COPY_PHASE_STRIP = NO;
				GCC_DYNAMIC_NO_PIC = NO;
				GCC_OPTIMIZATION_LEVEL = 0;
				GCC_PRECOMPILE_PREFIX_HEADER = YES;
				GCC_PREFIX_HEADER = "LarvaJolt 1.3_Prefix.pch";
				INFOPLIST_FILE = "LarvaJolt 1.3-Info.plist";
				PRODUCT_NAME = "LarvaJolt 1.3";
			};
			name = Debug;
		};
		1D6058950D05DD3E006BFB54 /* Release */ = {
			isa = XCBuildConfiguration;
			buildSettings = {
				ALWAYS_SEARCH_USER_PATHS = NO;
				COPY_PHASE_STRIP = YES;
				GCC_PRECOMPILE_PREFIX_HEADER = YES;
				GCC_PREFIX_HEADER = "LarvaJolt 1.3_Prefix.pch";
				INFOPLIST_FILE = "LarvaJolt 1.3-Info.plist";
				PRODUCT_NAME = "LarvaJolt 1.3";
				VALIDATE_PRODUCT = YES;
			};
			name = Release;
		};
		C01FCF4F08A954540054247B /* Debug */ = {
			isa = XCBuildConfiguration;
			buildSettings = {
				ARCHS = "$(ARCHS_STANDARD_32_BIT)";
				"CODE_SIGN_IDENTITY[sdk=iphoneos*]" = "iPhone Developer";
				GCC_C_LANGUAGE_STANDARD = c99;
				GCC_WARN_ABOUT_RETURN_TYPE = YES;
				GCC_WARN_UNUSED_VARIABLE = YES;
				PREBINDING = NO;
				SDKROOT = iphoneos;
			};
			name = Debug;
		};
		C01FCF5008A954540054247B /* Release */ = {
			isa = XCBuildConfiguration;
			buildSettings = {
				ARCHS = "$(ARCHS_STANDARD_32_BIT)";
				"CODE_SIGN_IDENTITY[sdk=iphoneos*]" = "iPhone Developer";
				GCC_C_LANGUAGE_STANDARD = c99;
				GCC_WARN_ABOUT_RETURN_TYPE = YES;
				GCC_WARN_UNUSED_VARIABLE = YES;
				OTHER_CFLAGS = "-DNS_BLOCK_ASSERTIONS=1";
				PREBINDING = NO;
				SDKROOT = iphoneos;
			};
			name = Release;
		};
/* End XCBuildConfiguration section */

/* Begin XCConfigurationList section */
		1D6058960D05DD3E006BFB54 /* Build configuration list for PBXNativeTarget "LarvaJolt 1.3" */ = {
			isa = XCConfigurationList;
			buildConfigurations = (
				1D6058940D05DD3E006BFB54 /* Debug */,
				1D6058950D05DD3E006BFB54 /* Release */,
			);
			defaultConfigurationIsVisible = 0;
			defaultConfigurationName = Release;
		};
		C01FCF4E08A954540054247B /* Build configuration list for PBXProject "LarvaJolt 1.3" */ = {
			isa = XCConfigurationList;
			buildConfigurations = (
				C01FCF4F08A954540054247B /* Debug */,
				C01FCF5008A954540054247B /* Release */,
			);
			defaultConfigurationIsVisible = 0;
			defaultConfigurationName = Release;
		};
/* End XCConfigurationList section */
	};
	rootObject = 29B97313FDCFA39411CA2CEA /* Project object */;
}
